
Microsoft Visual Studio Solution File, Format Version 12.00
# Visual Studio Version 16
VisualStudioVersion = 16.0.30717.126
MinimumVisualStudioVersion = 10.0.40219.1
Project("{FAE04EC0-301F-11D3-BF4B-00C04F79EFBC}") = "CoffeeShopProject", "CoffeeShopProject\CoffeeShopProject.csproj", "{1E0F34FD-0BEB-423C-B24C-495511F1D053}"
EndProject
Global
	GlobalSection(SolutionConfigurationPlatforms) = preSolution
		Debug|Any CPU = Debug|Any CPU
		Release|Any CPU = Release|Any CPU
	EndGlobalSection
	GlobalSection(ProjectConfigurationPlatforms) = postSolution
		{1E0F34FD-0BEB-423C-B24C-495511F1D053}.Debug|Any CPU.ActiveCfg = Debug|Any CPU
		{1E0F34FD-0BEB-423C-B24C-495511F1D053}.Debug|Any CPU.Build.0 = Debug|Any CPU
		{1E0F34FD-0BEB-423C-B24C-495511F1D053}.Release|Any CPU.ActiveCfg = Release|Any CPU
		{1E0F34FD-0BEB-423C-B24C-495511F1D053}.Release|Any CPU.Build.0 = Release|Any CPU
	EndGlobalSection
	GlobalSection(SolutionProperties) = preSolution
		HideSolutionNode = FALSE
	EndGlobalSection
	GlobalSection(ExtensibilityGlobals) = postSolution
		SolutionGuid = {1192F690-C439-42D8-B09A-3EC4948A4BC1}
	EndGlobalSection
EndGlobal
